
Microsoft Visual Studio Solution File, Format Version 12.00
# Visual Studio 2013
VisualStudioVersion = 12.0.31101.0
MinimumVisualStudioVersion = 10.0.40219.1
Project("{FAE04EC0-301F-11D3-BF4B-00C04F79EFBC}") = "ConfluenceAutomator", "ConfluenceAutomator\ConfluenceAutomator.csproj", "{1A40C86D-52B4-4C31-BD84-C094897FF868}"
EndProject
Project("{FAE04EC0-301F-11D3-BF4B-00C04F79EFBC}") = "ConfluenceAutomator.WinForms", "ConfluenceAutomator.WinForms\ConfluenceAutomator.WinForms.csproj", "{3B4CE189-5E9B-448F-B593-B2AE380CA4B0}"
EndProject
Project("{FAE04EC0-301F-11D3-BF4B-00C04F79EFBC}") = "ConfluenceAutomator.Library", "ConfluenceAutomator.Library\ConfluenceAutomator.Library.csproj", "{17A74FB4-4161-4BCF-B70E-337E702E0131}"
EndProject
Project("{FAE04EC0-301F-11D3-BF4B-00C04F79EFBC}") = "ConfluenceAutomator.WebClient", "ConfluenceAutomator.WebClient\ConfluenceAutomator.WebClient.csproj", "{FE2A75A2-D9C9-43AA-B387-ECC0263FEBFA}"
EndProject
Project("{FAE04EC0-301F-11D3-BF4B-00C04F79EFBC}") = "ConfluenceAutomator.API", "ConfluenceAutomator.API\ConfluenceAutomator.API.csproj", "{E28364EA-607F-49A0-9D0C-151525703FFA}"
EndProject
Project("{FAE04EC0-301F-11D3-BF4B-00C04F79EFBC}") = "ConfluenceAutomator.WebForms", "ConfluenceAutomator.WebForms\ConfluenceAutomator.WebForms.csproj", "{4C76DCD5-B7DB-487F-A31D-D5672FCD8CBB}"
EndProject
Global
	GlobalSection(SolutionConfigurationPlatforms) = preSolution
		Debug|Any CPU = Debug|Any CPU
		Release|Any CPU = Release|Any CPU
	EndGlobalSection
	GlobalSection(ProjectConfigurationPlatforms) = postSolution
		{1A40C86D-52B4-4C31-BD84-C094897FF868}.Debug|Any CPU.ActiveCfg = Debug|Any CPU
		{1A40C86D-52B4-4C31-BD84-C094897FF868}.Debug|Any CPU.Build.0 = Debug|Any CPU
		{1A40C86D-52B4-4C31-BD84-C094897FF868}.Release|Any CPU.ActiveCfg = Release|Any CPU
		{1A40C86D-52B4-4C31-BD84-C094897FF868}.Release|Any CPU.Build.0 = Release|Any CPU
		{3B4CE189-5E9B-448F-B593-B2AE380CA4B0}.Debug|Any CPU.ActiveCfg = Debug|Any CPU
		{3B4CE189-5E9B-448F-B593-B2AE380CA4B0}.Debug|Any CPU.Build.0 = Debug|Any CPU
		{3B4CE189-5E9B-448F-B593-B2AE380CA4B0}.Release|Any CPU.ActiveCfg = Release|Any CPU
		{3B4CE189-5E9B-448F-B593-B2AE380CA4B0}.Release|Any CPU.Build.0 = Release|Any CPU
		{17A74FB4-4161-4BCF-B70E-337E702E0131}.Debug|Any CPU.ActiveCfg = Debug|Any CPU
		{17A74FB4-4161-4BCF-B70E-337E702E0131}.Debug|Any CPU.Build.0 = Debug|Any CPU
		{17A74FB4-4161-4BCF-B70E-337E702E0131}.Release|Any CPU.ActiveCfg = Release|Any CPU
		{17A74FB4-4161-4BCF-B70E-337E702E0131}.Release|Any CPU.Build.0 = Release|Any CPU
		{FE2A75A2-D9C9-43AA-B387-ECC0263FEBFA}.Debug|Any CPU.ActiveCfg = Debug|Any CPU
		{FE2A75A2-D9C9-43AA-B387-ECC0263FEBFA}.Debug|Any CPU.Build.0 = Debug|Any CPU
		{FE2A75A2-D9C9-43AA-B387-ECC0263FEBFA}.Release|Any CPU.ActiveCfg = Release|Any CPU
		{FE2A75A2-D9C9-43AA-B387-ECC0263FEBFA}.Release|Any CPU.Build.0 = Release|Any CPU
		{E28364EA-607F-49A0-9D0C-151525703FFA}.Debug|Any CPU.ActiveCfg = Debug|Any CPU
		{E28364EA-607F-49A0-9D0C-151525703FFA}.Debug|Any CPU.Build.0 = Debug|Any CPU
		{E28364EA-607F-49A0-9D0C-151525703FFA}.Release|Any CPU.ActiveCfg = Release|Any CPU
		{E28364EA-607F-49A0-9D0C-151525703FFA}.Release|Any CPU.Build.0 = Release|Any CPU
		{4C76DCD5-B7DB-487F-A31D-D5672FCD8CBB}.Debug|Any CPU.ActiveCfg = Debug|Any CPU
		{4C76DCD5-B7DB-487F-A31D-D5672FCD8CBB}.Debug|Any CPU.Build.0 = Debug|Any CPU
		{4C76DCD5-B7DB-487F-A31D-D5672FCD8CBB}.Release|Any CPU.ActiveCfg = Release|Any CPU
		{4C76DCD5-B7DB-487F-A31D-D5672FCD8CBB}.Release|Any CPU.Build.0 = Release|Any CPU
	EndGlobalSection
	GlobalSection(SolutionProperties) = preSolution
		HideSolutionNode = FALSE
	EndGlobalSection
EndGlobal
